
Microsoft Visual Studio Solution File, Format Version 12.00
# Visual Studio Version 17
VisualStudioVersion = 17.11.35303.130
MinimumVisualStudioVersion = 10.0.40219.1
Project("{9A19103F-16F7-4668-BE54-9A1E7A4F7556}") = "Reservation", "Reservation\Reservation.csproj", "{8F7DB0CD-2FAB-49FD-9746-23290A839F79}"
	ProjectSection(ProjectDependencies) = postProject
		{2C419521-9132-4D65-A877-BCF3645C81F3} = {2C419521-9132-4D65-A877-BCF3645C81F3}
		{46F9B27C-20A5-46CE-A3FE-6D243003CB10} = {46F9B27C-20A5-46CE-A3FE-6D243003CB10}
	EndProjectSection
EndProject
Project("{9A19103F-16F7-4668-BE54-9A1E7A4F7556}") = "Data", "Data\Data.csproj", "{2C419521-9132-4D65-A877-BCF3645C81F3}"
	ProjectSection(ProjectDependencies) = postProject
		{46F9B27C-20A5-46CE-A3FE-6D243003CB10} = {46F9B27C-20A5-46CE-A3FE-6D243003CB10}
	EndProjectSection
EndProject
Project("{9A19103F-16F7-4668-BE54-9A1E7A4F7556}") = "Domain", "Domain\Domain.csproj", "{46F9B27C-20A5-46CE-A3FE-6D243003CB10}"
EndProject
Project("{9A19103F-16F7-4668-BE54-9A1E7A4F7556}") = "Infra", "Infra\Infra.csproj", "{44858914-4C1B-47A1-8F2E-33E6BCCF74FB}"
	ProjectSection(ProjectDependencies) = postProject
		{2C419521-9132-4D65-A877-BCF3645C81F3} = {2C419521-9132-4D65-A877-BCF3645C81F3}
	EndProjectSection
EndProject
Global
	GlobalSection(SolutionConfigurationPlatforms) = preSolution
		Debug|Any CPU = Debug|Any CPU
		Release|Any CPU = Release|Any CPU
	EndGlobalSection
	GlobalSection(ProjectConfigurationPlatforms) = postSolution
		{8F7DB0CD-2FAB-49FD-9746-23290A839F79}.Debug|Any CPU.ActiveCfg = Debug|Any CPU
		{8F7DB0CD-2FAB-49FD-9746-23290A839F79}.Debug|Any CPU.Build.0 = Debug|Any CPU
		{8F7DB0CD-2FAB-49FD-9746-23290A839F79}.Release|Any CPU.ActiveCfg = Release|Any CPU
		{8F7DB0CD-2FAB-49FD-9746-23290A839F79}.Release|Any CPU.Build.0 = Release|Any CPU
		{2C419521-9132-4D65-A877-BCF3645C81F3}.Debug|Any CPU.ActiveCfg = Debug|Any CPU
		{2C419521-9132-4D65-A877-BCF3645C81F3}.Debug|Any CPU.Build.0 = Debug|Any CPU
		{2C419521-9132-4D65-A877-BCF3645C81F3}.Release|Any CPU.ActiveCfg = Release|Any CPU
		{2C419521-9132-4D65-A877-BCF3645C81F3}.Release|Any CPU.Build.0 = Release|Any CPU
		{46F9B27C-20A5-46CE-A3FE-6D243003CB10}.Debug|Any CPU.ActiveCfg = Debug|Any CPU
		{46F9B27C-20A5-46CE-A3FE-6D243003CB10}.Debug|Any CPU.Build.0 = Debug|Any CPU
		{46F9B27C-20A5-46CE-A3FE-6D243003CB10}.Release|Any CPU.ActiveCfg = Release|Any CPU
		{46F9B27C-20A5-46CE-A3FE-6D243003CB10}.Release|Any CPU.Build.0 = Release|Any CPU
		{44858914-4C1B-47A1-8F2E-33E6BCCF74FB}.Debug|Any CPU.ActiveCfg = Debug|Any CPU
		{44858914-4C1B-47A1-8F2E-33E6BCCF74FB}.Debug|Any CPU.Build.0 = Debug|Any CPU
		{44858914-4C1B-47A1-8F2E-33E6BCCF74FB}.Release|Any CPU.ActiveCfg = Release|Any CPU
		{44858914-4C1B-47A1-8F2E-33E6BCCF74FB}.Release|Any CPU.Build.0 = Release|Any CPU
	EndGlobalSection
	GlobalSection(SolutionProperties) = preSolution
		HideSolutionNode = FALSE
	EndGlobalSection
	GlobalSection(ExtensibilityGlobals) = postSolution
		SolutionGuid = {95E681E7-467F-4626-B651-8D918B8F6910}
	EndGlobalSection
EndGlobal
